
Microsoft Visual Studio Solution File, Format Version 12.00
# Visual Studio Version 17
VisualStudioVersion = 17.11.35327.3
MinimumVisualStudioVersion = 10.0.40219.1
Project("{FAE04EC0-301F-11D3-BF4B-00C04F79EFBC}") = "EnrollmentSystem", "EnrollmentSystem\EnrollmentSystem.csproj", "{E1E0C406-B354-4ABE-B2BB-229C8CB6498A}"
EndProject
Global
	GlobalSection(SolutionConfigurationPlatforms) = preSolution
		Debug|Any CPU = Debug|Any CPU
		Release|Any CPU = Release|Any CPU
	EndGlobalSection
	GlobalSection(ProjectConfigurationPlatforms) = postSolution
		{E1E0C406-B354-4ABE-B2BB-229C8CB6498A}.Debug|Any CPU.ActiveCfg = Debug|Any CPU
		{E1E0C406-B354-4ABE-B2BB-229C8CB6498A}.Debug|Any CPU.Build.0 = Debug|Any CPU
		{E1E0C406-B354-4ABE-B2BB-229C8CB6498A}.Release|Any CPU.ActiveCfg = Release|Any CPU
		{E1E0C406-B354-4ABE-B2BB-229C8CB6498A}.Release|Any CPU.Build.0 = Release|Any CPU
	EndGlobalSection
	GlobalSection(SolutionProperties) = preSolution
		HideSolutionNode = FALSE
	EndGlobalSection
	GlobalSection(ExtensibilityGlobals) = postSolution
		SolutionGuid = {A823F7D0-1936-4B90-9B80-010C1D5E1C16}
	EndGlobalSection
EndGlobal
